{
  "name": "3.x-ts-vite",
  "version": "0.0.0",
  "lockfileVersion": 1,
  "requires": true,
  "dependencies": {
    "@babel/helper-validator-identifier": {
      "version": "7.14.9",
      "resolved": "http://10.133.71.60:8082/repository/ct-npm-registry/@babel/helper-validator-identifier/-/helper-validator-identifier-7.14.9.tgz",
      "integrity": "sha1-ZlTRcbICT22O4VG/JQlpmRkTHUg="
    },
    "@babel/parser": {
      "version": "7.15.0",
      "resolved": "http://10.133.71.60:8082/repository/ct-npm-registry/@babel/parser/-/parser-7.15.0.tgz",
      "integrity": "sha1-ttbikFjKNpEnsO7KKhxLV5Txtrk="
    },
    "@babel/types": {
      "version": "7.15.0",
      "resolved": "http://10.133.71.60:8082/repository/ct-npm-registry/@babel/types/-/types-7.15.0.tgz",
      "integrity": "sha1-Ya8R8ihsTpxpyo3rX0N1pzxy3L0=",
      "requires": {
        "@babel/helper-validator-identifier": "^7.14.9",
        "to-fast-properties": "^2.0.0"
      }
    },
    "@types/estree": {
      "version": "0.0.48",
      "resolved": "http://10.133.71.60:8082/repository/ct-npm-registry/@types/estree/-/estree-0.0.48.tgz",
      "integrity": "sha1-GNyAkbKF35DbLyWqfZBs/DlLf3Q=",
      "dev": true
    },
    "@vitejs/plugin-vue": {
      "version": "1.3.0",
      "resolved": "http://10.133.71.60:8082/repository/ct-npm-registry/@vitejs/plugin-vue/-/plugin-vue-1.3.0.tgz",
      "integrity": "sha1-/ImmybWlFXkWr+zk7cj7Vb8bvEI=",
      "dev": true
    },
    "@vue/compiler-core": {
      "version": "3.1.5",
      "resolved": "http://10.133.71.60:8082/repository/ct-npm-registry/@vue/compiler-core/-/compiler-core-3.1.5.tgz",
      "integrity": "sha1-KY+QW2Bl1tgf9jdW+Yxgh2s5PIc=",
      "requires": {
        "@babel/parser": "^7.12.0",
        "@babel/types": "^7.12.0",
        "@vue/shared": "3.1.5",
        "estree-walker": "^2.0.1",
        "source-map": "^0.6.1"
      }
    },
    "@vue/compiler-dom": {
      "version": "3.1.5",
      "resolved": "http://10.133.71.60:8082/repository/ct-npm-registry/@vue/compiler-dom/-/compiler-dom-3.1.5.tgz",
      "integrity": "sha1-y7lwIMYqX6o/vCqXkWvZgEGsmFY=",
      "requires": {
        "@vue/compiler-core": "3.1.5",
        "@vue/shared": "3.1.5"
      }
    },
    "@vue/compiler-sfc": {
      "version": "3.1.5",
      "resolved": "http://10.133.71.60:8082/repository/ct-npm-registry/@vue/compiler-sfc/-/compiler-sfc-3.1.5.tgz",
      "integrity": "sha1-5h5U86ljsPSo5SP7uGMjkNxSsNY=",
      "dev": true,
      "requires": {
        "@babel/parser": "^7.13.9",
        "@babel/types": "^7.13.0",
        "@types/estree": "^0.0.48",
        "@vue/compiler-core": "3.1.5",
        "@vue/compiler-dom": "3.1.5",
        "@vue/compiler-ssr": "3.1.5",
        "@vue/shared": "3.1.5",
        "consolidate": "^0.16.0",
        "estree-walker": "^2.0.1",
        "hash-sum": "^2.0.0",
        "lru-cache": "^5.1.1",
        "magic-string": "^0.25.7",
        "merge-source-map": "^1.1.0",
        "postcss": "^8.1.10",
        "postcss-modules": "^4.0.0",
        "postcss-selector-parser": "^6.0.4",
        "source-map": "^0.6.1"
      }
    },
    "@vue/compiler-ssr": {
      "version": "3.1.5",
      "resolved": "http://10.133.71.60:8082/repository/ct-npm-registry/@vue/compiler-ssr/-/compiler-ssr-3.1.5.tgz",
      "integrity": "sha1-8GhlJ3QpMlah5TCEvtSKZ2gt+dI=",
      "dev": true,
      "requires": {
        "@vue/compiler-dom": "3.1.5",
        "@vue/shared": "3.1.5"
      }
    },
    "@vue/reactivity": {
      "version": "3.1.5",
      "resolved": "http://10.133.71.60:8082/repository/ct-npm-registry/@vue/reactivity/-/reactivity-3.1.5.tgz",
      "integrity": "sha1-2+xNlVf3yPJcJjXbHiOninKeuZE=",
      "requires": {
        "@vue/shared": "3.1.5"
      }
    },
    "@vue/runtime-core": {
      "version": "3.1.5",
      "resolved": "http://10.133.71.60:8082/repository/ct-npm-registry/@vue/runtime-core/-/runtime-core-3.1.5.tgz",
      "integrity": "sha1-pUW38UYJKSnLXoM+hUORUPF6yHs=",
      "requires": {
        "@vue/reactivity": "3.1.5",
        "@vue/shared": "3.1.5"
      }
    },
    "@vue/runtime-dom": {
      "version": "3.1.5",
      "resolved": "http://10.133.71.60:8082/repository/ct-npm-registry/@vue/runtime-dom/-/runtime-dom-3.1.5.tgz",
      "integrity": "sha1-T6KJR9QIqjaPoX6g7cG+ua8UcqE=",
      "requires": {
        "@vue/runtime-core": "3.1.5",
        "@vue/shared": "3.1.5",
        "csstype": "^2.6.8"
      }
    },
    "@vue/shared": {
      "version": "3.1.5",
      "resolved": "http://10.133.71.60:8082/repository/ct-npm-registry/@vue/shared/-/shared-3.1.5.tgz",
      "integrity": "sha1-dO46rZldCjmWpruVM9TSgFFO3gM="
    },
    "big.js": {
      "version": "5.2.2",
      "resolved": "http://10.133.71.60:8082/repository/ct-npm-registry/big.js/-/big.js-5.2.2.tgz",
      "integrity": "sha1-ZfCvOC9Xi83HQr2cKB6cstd2gyg=",
      "dev": true
    },
    "bluebird": {
      "version": "3.7.2",
      "resolved": "http://10.133.71.60:8082/repository/ct-npm-registry/bluebird/-/bluebird-3.7.2.tgz",
      "integrity": "sha1-nyKcFb4nJFT/qXOs4NvueaGww28=",
      "dev": true
    },
    "colorette": {
      "version": "1.2.2",
      "resolved": "http://10.133.71.60:8082/repository/ct-npm-registry/colorette/-/colorette-1.2.2.tgz",
      "integrity": "sha1-y8x51emcrqLb8Q6zom/Ys+as+pQ=",
      "dev": true
    },
    "consolidate": {
      "version": "0.16.0",
      "resolved": "http://10.133.71.60:8082/repository/ct-npm-registry/consolidate/-/consolidate-0.16.0.tgz",
      "integrity": "sha1-oRhkdokw8vGUMWYKZZBmaPX73BY=",
      "dev": true,
      "requires": {
        "bluebird": "^3.7.2"
      }
    },
    "cssesc": {
      "version": "3.0.0",
      "resolved": "http://10.133.71.60:8082/repository/ct-npm-registry/cssesc/-/cssesc-3.0.0.tgz",
      "integrity": "sha1-N3QZGZA7hoVl4cCep0dEXNGJg+4=",
      "dev": true
    },
    "csstype": {
      "version": "2.6.17",
      "resolved": "http://10.133.71.60:8082/repository/ct-npm-registry/csstype/-/csstype-2.6.17.tgz",
      "integrity": "sha1-TPMOuH4dGgBdi2UQ+VKSQT9qHA4="
    },
    "emojis-list": {
      "version": "3.0.0",
      "resolved": "http://10.133.71.60:8082/repository/ct-npm-registry/emojis-list/-/emojis-list-3.0.0.tgz",
      "integrity": "sha1-VXBmIEatKeLpFucariYKvf9Pang=",
      "dev": true
    },
    "esbuild": {
      "version": "0.12.18",
      "resolved": "http://10.133.71.60:8082/repository/ct-npm-registry/esbuild/-/esbuild-0.12.18.tgz",
      "integrity": "sha1-5dsWNyGIwrTTlff1X9reJ/ahGfo=",
      "dev": true
    },
    "estree-walker": {
      "version": "2.0.2",
      "resolved": "http://10.133.71.60:8082/repository/ct-npm-registry/estree-walker/-/estree-walker-2.0.2.tgz",
      "integrity": "sha1-UvAQF4wqTBF6d1fP6UKtt9LaTKw="
    },
    "fsevents": {
      "version": "2.3.2",
      "resolved": "http://10.133.71.60:8082/repository/ct-npm-registry/fsevents/-/fsevents-2.3.2.tgz",
      "integrity": "sha1-ilJveLj99GI7cJ4Ll1xSwkwC/Ro=",
      "dev": true,
      "optional": true
    },
    "function-bind": {
      "version": "1.1.1",
      "resolved": "http://10.133.71.60:8082/repository/ct-npm-registry/function-bind/-/function-bind-1.1.1.tgz",
      "integrity": "sha1-pWiZ0+o8m6uHS7l3O3xe3pL0iV0=",
      "dev": true
    },
    "generic-names": {
      "version": "2.0.1",
      "resolved": "http://10.133.71.60:8082/repository/ct-npm-registry/generic-names/-/generic-names-2.0.1.tgz",
      "integrity": "sha1-+KN46tLMqno08DF7BVVIMq5BuHI=",
      "dev": true,
      "requires": {
        "loader-utils": "^1.1.0"
      }
    },
    "has": {
      "version": "1.0.3",
      "resolved": "http://10.133.71.60:8082/repository/ct-npm-registry/has/-/has-1.0.3.tgz",
      "integrity": "sha1-ci18v8H2qoJB8W3YFOAR4fQeh5Y=",
      "dev": true,
      "requires": {
        "function-bind": "^1.1.1"
      }
    },
    "hash-sum": {
      "version": "2.0.0",
      "resolved": "http://10.133.71.60:8082/repository/ct-npm-registry/hash-sum/-/hash-sum-2.0.0.tgz",
      "integrity": "sha1-gdAbtd6OpKIUrV1urRtSNGCwtFo=",
      "dev": true
    },
    "icss-replace-symbols": {
      "version": "1.1.0",
      "resolved": "http://10.133.71.60:8082/repository/ct-npm-registry/icss-replace-symbols/-/icss-replace-symbols-1.1.0.tgz",
      "integrity": "sha1-Bupvg2ead0njhs/h/oEq5dsiPe0=",
      "dev": true
    },
    "icss-utils": {
      "version": "5.1.0",
      "resolved": "http://10.133.71.60:8082/repository/ct-npm-registry/icss-utils/-/icss-utils-5.1.0.tgz",
      "integrity": "sha1-xr5oWKvQE9do6YNmrkfiXViHsa4=",
      "dev": true
    },
    "is-core-module": {
      "version": "2.5.0",
      "resolved": "http://10.133.71.60:8082/repository/ct-npm-registry/is-core-module/-/is-core-module-2.5.0.tgz",
      "integrity": "sha1-91SENhfHC/0pt72HMnQAzaXBhJE=",
      "dev": true,
      "requires": {
        "has": "^1.0.3"
      }
    },
    "json5": {
      "version": "1.0.1",
      "resolved": "http://10.133.71.60:8082/repository/ct-npm-registry/json5/-/json5-1.0.1.tgz",
      "integrity": "sha1-d5+wAYYE+oVOrL9iUhgNg1Q+Pb4=",
      "dev": true,
      "requires": {
        "minimist": "^1.2.0"
      }
    },
    "loader-utils": {
      "version": "1.4.0",
      "resolved": "http://10.133.71.60:8082/repository/ct-npm-registry/loader-utils/-/loader-utils-1.4.0.tgz",
      "integrity": "sha1-xXm140yzSxp07cbB+za/o3HVphM=",
      "dev": true,
      "requires": {
        "big.js": "^5.2.2",
        "emojis-list": "^3.0.0",
        "json5": "^1.0.1"
      }
    },
    "lodash.camelcase": {
      "version": "4.3.0",
      "resolved": "http://10.133.71.60:8082/repository/ct-npm-registry/lodash.camelcase/-/lodash.camelcase-4.3.0.tgz",
      "integrity": "sha1-soqmKIorn8ZRA1x3EfZathkDMaY=",
      "dev": true
    },
    "lru-cache": {
      "version": "5.1.1",
      "resolved": "http://10.133.71.60:8082/repository/ct-npm-registry/lru-cache/-/lru-cache-5.1.1.tgz",
      "integrity": "sha1-HaJ+ZxAnGUdpXa9oSOhH8B2EuSA=",
      "dev": true,
      "requires": {
        "yallist": "^3.0.2"
      }
    },
    "magic-string": {
      "version": "0.25.7",
      "resolved": "http://10.133.71.60:8082/repository/ct-npm-registry/magic-string/-/magic-string-0.25.7.tgz",
      "integrity": "sha1-P0l9b9NMZpxnmNy4IfLvMfVEUFE=",
      "dev": true,
      "requires": {
        "sourcemap-codec": "^1.4.4"
      }
    },
    "merge-source-map": {
      "version": "1.1.0",
      "resolved": "http://10.133.71.60:8082/repository/ct-npm-registry/merge-source-map/-/merge-source-map-1.1.0.tgz",
      "integrity": "sha1-L93n5gIJOfcJBqaPLXrmheTIxkY=",
      "dev": true,
      "requires": {
        "source-map": "^0.6.1"
      }
    },
    "minimist": {
      "version": "1.2.5",
      "resolved": "http://10.133.71.60:8082/repository/ct-npm-registry/minimist/-/minimist-1.2.5.tgz",
      "integrity": "sha1-Z9ZgFLZqaoqqDAg8X9WN9OTpdgI=",
      "dev": true
    },
    "nanoid": {
      "version": "3.1.23",
      "resolved": "http://10.133.71.60:8082/repository/ct-npm-registry/nanoid/-/nanoid-3.1.23.tgz",
      "integrity": "sha1-90QIbOfCvEfuCoRyV01ceOQYOoE=",
      "dev": true
    },
    "path-parse": {
      "version": "1.0.7",
      "resolved": "http://10.133.71.60:8082/repository/ct-npm-registry/path-parse/-/path-parse-1.0.7.tgz",
      "integrity": "sha1-+8EUtgykKzDZ2vWFjkvWi77bZzU=",
      "dev": true
    },
    "postcss": {
      "version": "8.3.6",
      "resolved": "http://10.133.71.60:8082/repository/ct-npm-registry/postcss/-/postcss-8.3.6.tgz",
      "integrity": "sha1-JzDddql5afN/U7mmCWGXvjEcxOo=",
      "dev": true,
      "requires": {
        "colorette": "^1.2.2",
        "nanoid": "^3.1.23",
        "source-map-js": "^0.6.2"
      }
    },
    "postcss-modules": {
      "version": "4.2.2",
      "resolved": "http://10.133.71.60:8082/repository/ct-npm-registry/postcss-modules/-/postcss-modules-4.2.2.tgz",
      "integrity": "sha1-Xnd3xaiWTqF2kZ2QsuVO+JEyHOU=",
      "dev": true,
      "requires": {
        "generic-names": "^2.0.1",
        "icss-replace-symbols": "^1.1.0",
        "lodash.camelcase": "^4.3.0",
        "postcss-modules-extract-imports": "^3.0.0",
        "postcss-modules-local-by-default": "^4.0.0",
        "postcss-modules-scope": "^3.0.0",
        "postcss-modules-values": "^4.0.0",
        "string-hash": "^1.1.1"
      }
    },
    "postcss-modules-extract-imports": {
      "version": "3.0.0",
      "resolved": "http://10.133.71.60:8082/repository/ct-npm-registry/postcss-modules-extract-imports/-/postcss-modules-extract-imports-3.0.0.tgz",
      "integrity": "sha1-zaHwR8CugMl9vijD52pDuIAldB0=",
      "dev": true
    },
    "postcss-modules-local-by-default": {
      "version": "4.0.0",
      "resolved": "http://10.133.71.60:8082/repository/ct-npm-registry/postcss-modules-local-by-default/-/postcss-modules-local-by-default-4.0.0.tgz",
      "integrity": "sha1-67tU+uFZjuz99pGgKz/zs5ClpRw=",
      "dev": true,
      "requires": {
        "icss-utils": "^5.0.0",
        "postcss-selector-parser": "^6.0.2",
        "postcss-value-parser": "^4.1.0"
      }
    },
    "postcss-modules-scope": {
      "version": "3.0.0",
      "resolved": "http://10.133.71.60:8082/repository/ct-npm-registry/postcss-modules-scope/-/postcss-modules-scope-3.0.0.tgz",
      "integrity": "sha1-nvMVFFbTu/oSDKRImN/Kby+gHwY=",
      "dev": true,
      "requires": {
        "postcss-selector-parser": "^6.0.4"
      }
    },
    "postcss-modules-values": {
      "version": "4.0.0",
      "resolved": "http://10.133.71.60:8082/repository/ct-npm-registry/postcss-modules-values/-/postcss-modules-values-4.0.0.tgz",
      "integrity": "sha1-18Xn5ow7s8myfL9Iyguz/7RgLJw=",
      "dev": true,
      "requires": {
        "icss-utils": "^5.0.0"
      }
    },
    "postcss-selector-parser": {
      "version": "6.0.6",
      "resolved": "http://10.133.71.60:8082/repository/ct-npm-registry/postcss-selector-parser/-/postcss-selector-parser-6.0.6.tgz",
      "integrity": "sha1-LFu6gXSsL2mBq2MaQqsO5UrzMuo=",
      "dev": true,
      "requires": {
        "cssesc": "^3.0.0",
        "util-deprecate": "^1.0.2"
      }
    },
    "postcss-value-parser": {
      "version": "4.1.0",
      "resolved": "http://10.133.71.60:8082/repository/ct-npm-registry/postcss-value-parser/-/postcss-value-parser-4.1.0.tgz",
      "integrity": "sha1-RD9qIM7WSBor2k+oUypuVdeJoss=",
      "dev": true
    },
    "resolve": {
      "version": "1.20.0",
      "resolved": "http://10.133.71.60:8082/repository/ct-npm-registry/resolve/-/resolve-1.20.0.tgz",
      "integrity": "sha1-YpoBP7P3B1XW8LeTXMHCxTeLGXU=",
      "dev": true,
      "requires": {
        "is-core-module": "^2.2.0",
        "path-parse": "^1.0.6"
      }
    },
    "rollup": {
      "version": "2.56.0",
      "resolved": "http://10.133.71.60:8082/repository/ct-npm-registry/rollup/-/rollup-2.56.0.tgz",
      "integrity": "sha1-2qgylV0rWPHtUqPEyFt9GtrwdtA=",
      "dev": true,
      "requires": {
        "fsevents": "~2.3.2"
      }
    },
    "source-map": {
      "version": "0.6.1",
      "resolved": "http://10.133.71.60:8082/repository/ct-npm-registry/source-map/-/source-map-0.6.1.tgz",
      "integrity": "sha1-dHIq8y6WFOnCh6jQu95IteLxomM="
    },
    "source-map-js": {
      "version": "0.6.2",
      "resolved": "http://10.133.71.60:8082/repository/ct-npm-registry/source-map-js/-/source-map-js-0.6.2.tgz",
      "integrity": "sha1-C7XeYxtBz72mz7qL0FqA79/SOF4=",
      "dev": true
    },
    "sourcemap-codec": {
      "version": "1.4.8",
      "resolved": "http://10.133.71.60:8082/repository/ct-npm-registry/sourcemap-codec/-/sourcemap-codec-1.4.8.tgz",
      "integrity": "sha1-6oBL2UhXQC5pktBaOO8a41qatMQ=",
      "dev": true
    },
    "string-hash": {
      "version": "1.1.3",
      "resolved": "http://10.133.71.60:8082/repository/ct-npm-registry/string-hash/-/string-hash-1.1.3.tgz",
      "integrity": "sha1-6Kr8CsGFW0Zmkp7X3RJ1311sgRs=",
      "dev": true
    },
    "to-fast-properties": {
      "version": "2.0.0",
      "resolved": "http://10.133.71.60:8082/repository/ct-npm-registry/to-fast-properties/-/to-fast-properties-2.0.0.tgz",
      "integrity": "sha1-3F5pjL0HkmW8c+A3doGk5Og/YW4="
    },
    "util-deprecate": {
      "version": "1.0.2",
      "resolved": "http://10.133.71.60:8082/repository/ct-npm-registry/util-deprecate/-/util-deprecate-1.0.2.tgz",
      "integrity": "sha1-RQ1Nyfpw3nMnYvvS1KKJgUGaDM8=",
      "dev": true
    },
    "vite": {
      "version": "2.4.4",
      "resolved": "http://10.133.71.60:8082/repository/ct-npm-registry/vite/-/vite-2.4.4.tgz",
      "integrity": "sha1-jEAqB61F8Wj261Qovq048+Q2Pkc=",
      "dev": true,
      "requires": {
        "esbuild": "^0.12.8",
        "fsevents": "~2.3.2",
        "postcss": "^8.3.6",
        "resolve": "^1.20.0",
        "rollup": "^2.38.5"
      }
    },
    "vue": {
      "version": "3.1.5",
      "resolved": "http://10.133.71.60:8082/repository/ct-npm-registry/vue/-/vue-3.1.5.tgz",
      "integrity": "sha1-EoebEdBoXuRHjIhpVReZYwpS+f4=",
      "requires": {
        "@vue/compiler-dom": "3.1.5",
        "@vue/runtime-dom": "3.1.5",
        "@vue/shared": "3.1.5"
      }
    },
    "yallist": {
      "version": "3.1.1",
      "resolved": "http://10.133.71.60:8082/repository/ct-npm-registry/yallist/-/yallist-3.1.1.tgz",
      "integrity": "sha1-27fa+b/YusmrRev2ArjLrQ1dCP0=",
      "dev": true
    }
  }
}
